
Microsoft Visual Studio Solution File, Format Version 12.00
# Visual Studio 15
VisualStudioVersion = 15.0.28307.902
MinimumVisualStudioVersion = 10.0.40219.1
Project("{FAE04EC0-301F-11D3-BF4B-00C04F79EFBC}") = "FileProcessor", "FileProcessor\FileProcessor.csproj", "{B09A95F9-E8F4-44C2-B1A8-340C042305CA}"
EndProject
Global
	GlobalSection(SolutionConfigurationPlatforms) = preSolution
		Debug|Any CPU = Debug|Any CPU
		Release|Any CPU = Release|Any CPU
	EndGlobalSection
	GlobalSection(ProjectConfigurationPlatforms) = postSolution
		{B09A95F9-E8F4-44C2-B1A8-340C042305CA}.Debug|Any CPU.ActiveCfg = Debug|Any CPU
		{B09A95F9-E8F4-44C2-B1A8-340C042305CA}.Debug|Any CPU.Build.0 = Debug|Any CPU
		{B09A95F9-E8F4-44C2-B1A8-340C042305CA}.Release|Any CPU.ActiveCfg = Release|Any CPU
		{B09A95F9-E8F4-44C2-B1A8-340C042305CA}.Release|Any CPU.Build.0 = Release|Any CPU
	EndGlobalSection
	GlobalSection(SolutionProperties) = preSolution
		HideSolutionNode = FALSE
	EndGlobalSection
	GlobalSection(ExtensibilityGlobals) = postSolution
		SolutionGuid = {04B5802E-1741-4E34-BF25-724CBDEA7C0E}
	EndGlobalSection
EndGlobal
